# Generated by pub
# See https://dart.dev/tools/pub/glossary#lockfile
packages:
  charcode:
    dependency: transitive
    description:
      name: charcode
      url: "https://pub.dartlang.org"
    source: hosted
    version: "1.1.2"
  collection:
    dependency: transitive
    description:
      name: collection
      url: "https://pub.dartlang.org"
    source: hosted
    version: "1.14.11"
  convert:
    dependency: transitive
    description:
      name: convert
      url: "https://pub.dartlang.org"
    source: hosted
    version: "2.1.1"
  crypto:
    dependency: transitive
    description:
      name: crypto
      url: "https://pub.dartlang.org"
    source: hosted
    version: "2.0.6"
  event_bus:
    dependency: transitive
    description:
      name: event_bus
      url: "https://pub.dartlang.org"
    source: hosted
    version: "1.1.0"
  homie_dart:
    dependency: "direct main"
    description:
      name: homie_dart
      url: "https://pub.dartlang.org"
    source: hosted
    version: "1.1.0"
  meta:
    dependency: "direct main"
    description:
      name: meta
      url: "https://pub.dartlang.org"
    source: hosted
    version: "1.1.7"
  mqtt_client:
    dependency: "direct main"
    description:
      name: mqtt_client
      url: "https://pub.dartlang.org"
    source: hosted
    version: "5.5.3"
  path:
    dependency: transitive
    description:
      name: path
      url: "https://pub.dartlang.org"
    source: hosted
    version: "1.6.2"
  typed_data:
    dependency: "direct main"
    description:
      name: typed_data
      url: "https://pub.dartlang.org"
    source: hosted
    version: "1.1.6"
sdks:
  dart: ">=2.1.0 <3.0.0"
